// !$*UTF8*$!
{
	archiveVersion = 1;
	classes = {
	};
	objectVersion = 55;
	objects = {

/* Begin PBXBuildFile section */
		D45B7B532729775A00210D4A /* Mobile2You_SwiftUIApp.swift in Sources */ = {isa = PBXBuildFile; fileRef = D45B7B522729775A00210D4A /* Mobile2You_SwiftUIApp.swift */; };
		D45B7B552729775A00210D4A /* ContentView.swift in Sources */ = {isa = PBXBuildFile; fileRef = D45B7B542729775A00210D4A /* ContentView.swift */; };
		D45B7B572729775C00210D4A /* Assets.xcassets in Resources */ = {isa = PBXBuildFile; fileRef = D45B7B562729775C00210D4A /* Assets.xcassets */; };
		D45B7B5A2729775C00210D4A /* Preview Assets.xcassets in Resources */ = {isa = PBXBuildFile; fileRef = D45B7B592729775C00210D4A /* Preview Assets.xcassets */; };
		D45B7B6727297B0A00210D4A /* HeroView.swift in Sources */ = {isa = PBXBuildFile; fileRef = D45B7B6627297B0A00210D4A /* HeroView.swift */; };
		D45B7B6A2729C4CF00210D4A /* FilmListCellView.swift in Sources */ = {isa = PBXBuildFile; fileRef = D45B7B692729C4CF00210D4A /* FilmListCellView.swift */; };
		D45B7B6C2729D78D00210D4A /* Movie.swift in Sources */ = {isa = PBXBuildFile; fileRef = D45B7B6B2729D78D00210D4A /* Movie.swift */; };
		D45B7B6E2729D7A500210D4A /* SimilarMovie.swift in Sources */ = {isa = PBXBuildFile; fileRef = D45B7B6D2729D7A500210D4A /* SimilarMovie.swift */; };
		D45B7B702729D7B400210D4A /* Genre.swift in Sources */ = {isa = PBXBuildFile; fileRef = D45B7B6F2729D7B400210D4A /* Genre.swift */; };
		D45B7B742729FCD300210D4A /* APIKey.swift in Sources */ = {isa = PBXBuildFile; fileRef = D45B7B732729FCD300210D4A /* APIKey.swift */; };
		D4FAC8BC272AD5E600BB4D19 /* MovieViewModel.swift in Sources */ = {isa = PBXBuildFile; fileRef = D4FAC8BB272AD5E600BB4D19 /* MovieViewModel.swift */; };
		D4FAC8BE272B1C3400BB4D19 /* SimilarMovieViewModel.swift in Sources */ = {isa = PBXBuildFile; fileRef = D4FAC8BD272B1C3400BB4D19 /* SimilarMovieViewModel.swift */; };
		D4FAC8C1272B211300BB4D19 /* GenreViewModel.swift in Sources */ = {isa = PBXBuildFile; fileRef = D4FAC8C0272B211300BB4D19 /* GenreViewModel.swift */; };
/* End PBXBuildFile section */

/* Begin PBXFileReference section */
		D45B7B4F2729775A00210D4A /* Mobile2You-SwiftUI.app */ = {isa = PBXFileReference; explicitFileType = wrapper.application; includeInIndex = 0; path = "Mobile2You-SwiftUI.app"; sourceTree = BUILT_PRODUCTS_DIR; };
		D45B7B522729775A00210D4A /* Mobile2You_SwiftUIApp.swift */ = {isa = PBXFileReference; lastKnownFileType = sourcecode.swift; path = Mobile2You_SwiftUIApp.swift; sourceTree = "<group>"; };
		D45B7B542729775A00210D4A /* ContentView.swift */ = {isa = PBXFileReference; lastKnownFileType = sourcecode.swift; path = ContentView.swift; sourceTree = "<group>"; };
		D45B7B562729775C00210D4A /* Assets.xcassets */ = {isa = PBXFileReference; lastKnownFileType = folder.assetcatalog; path = Assets.xcassets; sourceTree = "<group>"; };
		D45B7B592729775C00210D4A /* Preview Assets.xcassets */ = {isa = PBXFileReference; lastKnownFileType = folder.assetcatalog; path = "Preview Assets.xcassets"; sourceTree = "<group>"; };
		D45B7B6627297B0A00210D4A /* HeroView.swift */ = {isa = PBXFileReference; lastKnownFileType = sourcecode.swift; path = HeroView.swift; sourceTree = "<group>"; };
		D45B7B692729C4CF00210D4A /* FilmListCellView.swift */ = {isa = PBXFileReference; lastKnownFileType = sourcecode.swift; path = FilmListCellView.swift; sourceTree = "<group>"; };
		D45B7B6B2729D78D00210D4A /* Movie.swift */ = {isa = PBXFileReference; lastKnownFileType = sourcecode.swift; path = Movie.swift; sourceTree = "<group>"; };
		D45B7B6D2729D7A500210D4A /* SimilarMovie.swift */ = {isa = PBXFileReference; lastKnownFileType = sourcecode.swift; path = SimilarMovie.swift; sourceTree = "<group>"; };
		D45B7B6F2729D7B400210D4A /* Genre.swift */ = {isa = PBXFileReference; lastKnownFileType = sourcecode.swift; path = Genre.swift; sourceTree = "<group>"; };
		D45B7B732729FCD300210D4A /* APIKey.swift */ = {isa = PBXFileReference; lastKnownFileType = sourcecode.swift; path = APIKey.swift; sourceTree = "<group>"; };
		D4FAC8BB272AD5E600BB4D19 /* MovieViewModel.swift */ = {isa = PBXFileReference; lastKnownFileType = sourcecode.swift; path = MovieViewModel.swift; sourceTree = "<group>"; };
		D4FAC8BD272B1C3400BB4D19 /* SimilarMovieViewModel.swift */ = {isa = PBXFileReference; lastKnownFileType = sourcecode.swift; path = SimilarMovieViewModel.swift; sourceTree = "<group>"; };
		D4FAC8C0272B211300BB4D19 /* GenreViewModel.swift */ = {isa = PBXFileReference; lastKnownFileType = sourcecode.swift; path = GenreViewModel.swift; sourceTree = "<group>"; };
/* End PBXFileReference section */

/* Begin PBXFrameworksBuildPhase section */
		D45B7B4C2729775A00210D4A /* Frameworks */ = {
			isa = PBXFrameworksBuildPhase;
			buildActionMask = 2147483647;
			files = (
			);
			runOnlyForDeploymentPostprocessing = 0;
		};
/* End PBXFrameworksBuildPhase section */

/* Begin PBXGroup section */
		D45B7B462729775A00210D4A = {
			isa = PBXGroup;
			children = (
				D45B7B512729775A00210D4A /* Mobile2You-SwiftUI */,
				D45B7B502729775A00210D4A /* Products */,
			);
			sourceTree = "<group>";
		};
		D45B7B502729775A00210D4A /* Products */ = {
			isa = PBXGroup;
			children = (
				D45B7B4F2729775A00210D4A /* Mobile2You-SwiftUI.app */,
			);
			name = Products;
			sourceTree = "<group>";
		};
		D45B7B512729775A00210D4A /* Mobile2You-SwiftUI */ = {
			isa = PBXGroup;
			children = (
				D45B7B682729C0E700210D4A /* App */,
				D45B7B6027297A6600210D4A /* Extension */,
				D45B7B6127297A6E00210D4A /* Helper */,
				D45B7B6227297A7500210D4A /* Model */,
				D45B7B6427297A8100210D4A /* ModelView */,
				D45B7B6327297A7B00210D4A /* View */,
				D45B7B6527297A8E00210D4A /* Service */,
				D45B7B562729775C00210D4A /* Assets.xcassets */,
				D45B7B582729775C00210D4A /* Preview Content */,
			);
			path = "Mobile2You-SwiftUI";
			sourceTree = "<group>";
		};
		D45B7B582729775C00210D4A /* Preview Content */ = {
			isa = PBXGroup;
			children = (
				D45B7B592729775C00210D4A /* Preview Assets.xcassets */,
			);
			path = "Preview Content";
			sourceTree = "<group>";
		};
		D45B7B6027297A6600210D4A /* Extension */ = {
			isa = PBXGroup;
			children = (
			);
			path = Extension;
			sourceTree = "<group>";
		};
		D45B7B6127297A6E00210D4A /* Helper */ = {
			isa = PBXGroup;
			children = (
			);
			path = Helper;
			sourceTree = "<group>";
		};
		D45B7B6227297A7500210D4A /* Model */ = {
			isa = PBXGroup;
			children = (
				D45B7B6B2729D78D00210D4A /* Movie.swift */,
				D45B7B6D2729D7A500210D4A /* SimilarMovie.swift */,
				D45B7B6F2729D7B400210D4A /* Genre.swift */,
			);
			path = Model;
			sourceTree = "<group>";
		};
		D45B7B6327297A7B00210D4A /* View */ = {
			isa = PBXGroup;
			children = (
				D45B7B6627297B0A00210D4A /* HeroView.swift */,
				D45B7B692729C4CF00210D4A /* FilmListCellView.swift */,
			);
			path = View;
			sourceTree = "<group>";
		};
		D45B7B6427297A8100210D4A /* ModelView */ = {
			isa = PBXGroup;
			children = (
				D4FAC8BB272AD5E600BB4D19 /* MovieViewModel.swift */,
				D4FAC8BD272B1C3400BB4D19 /* SimilarMovieViewModel.swift */,
				D4FAC8C0272B211300BB4D19 /* GenreViewModel.swift */,
			);
			path = ModelView;
			sourceTree = "<group>";
		};
		D45B7B6527297A8E00210D4A /* Service */ = {
			isa = PBXGroup;
			children = (
				D45B7B732729FCD300210D4A /* APIKey.swift */,
			);
			path = Service;
			sourceTree = "<group>";
		};
		D45B7B682729C0E700210D4A /* App */ = {
			isa = PBXGroup;
			children = (
				D45B7B522729775A00210D4A /* Mobile2You_SwiftUIApp.swift */,
				D45B7B542729775A00210D4A /* ContentView.swift */,
			);
			path = App;
			sourceTree = "<group>";
		};
/* End PBXGroup section */

/* Begin PBXNativeTarget section */
		D45B7B4E2729775A00210D4A /* Mobile2You-SwiftUI */ = {
			isa = PBXNativeTarget;
			buildConfigurationList = D45B7B5D2729775C00210D4A /* Build configuration list for PBXNativeTarget "Mobile2You-SwiftUI" */;
			buildPhases = (
				D45B7B4B2729775A00210D4A /* Sources */,
				D45B7B4C2729775A00210D4A /* Frameworks */,
				D45B7B4D2729775A00210D4A /* Resources */,
			);
			buildRules = (
			);
			dependencies = (
			);
			name = "Mobile2You-SwiftUI";
			productName = "Mobile2You-SwiftUI";
			productReference = D45B7B4F2729775A00210D4A /* Mobile2You-SwiftUI.app */;
			productType = "com.apple.product-type.application";
		};
/* End PBXNativeTarget section */

/* Begin PBXProject section */
		D45B7B472729775A00210D4A /* Project object */ = {
			isa = PBXProject;
			attributes = {
				BuildIndependentTargetsInParallel = 1;
				LastSwiftUpdateCheck = 1310;
				LastUpgradeCheck = 1310;
				TargetAttributes = {
					D45B7B4E2729775A00210D4A = {
						CreatedOnToolsVersion = 13.1;
					};
				};
			};
			buildConfigurationList = D45B7B4A2729775A00210D4A /* Build configuration list for PBXProject "Mobile2You-SwiftUI" */;
			compatibilityVersion = "Xcode 13.0";
			developmentRegion = en;
			hasScannedForEncodings = 0;
			knownRegions = (
				en,
				Base,
			);
			mainGroup = D45B7B462729775A00210D4A;
			productRefGroup = D45B7B502729775A00210D4A /* Products */;
			projectDirPath = "";
			projectRoot = "";
			targets = (
				D45B7B4E2729775A00210D4A /* Mobile2You-SwiftUI */,
			);
		};
/* End PBXProject section */

/* Begin PBXResourcesBuildPhase section */
		D45B7B4D2729775A00210D4A /* Resources */ = {
			isa = PBXResourcesBuildPhase;
			buildActionMask = 2147483647;
			files = (
				D45B7B5A2729775C00210D4A /* Preview Assets.xcassets in Resources */,
				D45B7B572729775C00210D4A /* Assets.xcassets in Resources */,
			);
			runOnlyForDeploymentPostprocessing = 0;
		};
/* End PBXResourcesBuildPhase section */

/* Begin PBXSourcesBuildPhase section */
		D45B7B4B2729775A00210D4A /* Sources */ = {
			isa = PBXSourcesBuildPhase;
			buildActionMask = 2147483647;
			files = (
				D45B7B6E2729D7A500210D4A /* SimilarMovie.swift in Sources */,
				D45B7B552729775A00210D4A /* ContentView.swift in Sources */,
				D45B7B6A2729C4CF00210D4A /* FilmListCellView.swift in Sources */,
				D45B7B742729FCD300210D4A /* APIKey.swift in Sources */,
				D4FAC8C1272B211300BB4D19 /* GenreViewModel.swift in Sources */,
				D4FAC8BC272AD5E600BB4D19 /* MovieViewModel.swift in Sources */,
				D4FAC8BE272B1C3400BB4D19 /* SimilarMovieViewModel.swift in Sources */,
				D45B7B532729775A00210D4A /* Mobile2You_SwiftUIApp.swift in Sources */,
				D45B7B6727297B0A00210D4A /* HeroView.swift in Sources */,
				D45B7B6C2729D78D00210D4A /* Movie.swift in Sources */,
				D45B7B702729D7B400210D4A /* Genre.swift in Sources */,
			);
			runOnlyForDeploymentPostprocessing = 0;
		};
/* End PBXSourcesBuildPhase section */

/* Begin XCBuildConfiguration section */
		D45B7B5B2729775C00210D4A /* Debug */ = {
			isa = XCBuildConfiguration;
			buildSettings = {
				ALWAYS_SEARCH_USER_PATHS = NO;
				CLANG_ANALYZER_NONNULL = YES;
				CLANG_ANALYZER_NUMBER_OBJECT_CONVERSION = YES_AGGRESSIVE;
				CLANG_CXX_LANGUAGE_STANDARD = "gnu++17";
				CLANG_CXX_LIBRARY = "libc++";
				CLANG_ENABLE_MODULES = YES;
				CLANG_ENABLE_OBJC_ARC = YES;
				CLANG_ENABLE_OBJC_WEAK = YES;
				CLANG_WARN_BLOCK_CAPTURE_AUTORELEASING = YES;
				CLANG_WARN_BOOL_CONVERSION = YES;
				CLANG_WARN_COMMA = YES;
				CLANG_WARN_CONSTANT_CONVERSION = YES;
				CLANG_WARN_DEPRECATED_OBJC_IMPLEMENTATIONS = YES;
				CLANG_WARN_DIRECT_OBJC_ISA_USAGE = YES_ERROR;
				CLANG_WARN_DOCUMENTATION_COMMENTS = YES;
				CLANG_WARN_EMPTY_BODY = YES;
				CLANG_WARN_ENUM_CONVERSION = YES;
				CLANG_WARN_INFINITE_RECURSION = YES;
				CLANG_WARN_INT_CONVERSION = YES;
				CLANG_WARN_NON_LITERAL_NULL_CONVERSION = YES;
				CLANG_WARN_OBJC_IMPLICIT_RETAIN_SELF = YES;
				CLANG_WARN_OBJC_LITERAL_CONVERSION = YES;
				CLANG_WARN_OBJC_ROOT_CLASS = YES_ERROR;
				CLANG_WARN_QUOTED_INCLUDE_IN_FRAMEWORK_HEADER = YES;
				CLANG_WARN_RANGE_LOOP_ANALYSIS = YES;
				CLANG_WARN_STRICT_PROTOTYPES = YES;
				CLANG_WARN_SUSPICIOUS_MOVE = YES;
				CLANG_WARN_UNGUARDED_AVAILABILITY = YES_AGGRESSIVE;
				CLANG_WARN_UNREACHABLE_CODE = YES;
				CLANG_WARN__DUPLICATE_METHOD_MATCH = YES;
				COPY_PHASE_STRIP = NO;
				DEBUG_INFORMATION_FORMAT = dwarf;
				ENABLE_STRICT_OBJC_MSGSEND = YES;
				ENABLE_TESTABILITY = YES;
				GCC_C_LANGUAGE_STANDARD = gnu11;
				GCC_DYNAMIC_NO_PIC = NO;
				GCC_NO_COMMON_BLOCKS = YES;
				GCC_OPTIMIZATION_LEVEL = 0;
				GCC_PREPROCESSOR_DEFINITIONS = (
					"DEBUG=1",
					"$(inherited)",
				);
				GCC_WARN_64_TO_32_BIT_CONVERSION = YES;
				GCC_WARN_ABOUT_RETURN_TYPE = YES_ERROR;
				GCC_WARN_UNDECLARED_SELECTOR = YES;
				GCC_WARN_UNINITIALIZED_AUTOS = YES_AGGRESSIVE;
				GCC_WARN_UNUSED_FUNCTION = YES;
				GCC_WARN_UNUSED_VARIABLE = YES;
				IPHONEOS_DEPLOYMENT_TARGET = 15.0;
				MTL_ENABLE_DEBUG_INFO = INCLUDE_SOURCE;
				MTL_FAST_MATH = YES;
				ONLY_ACTIVE_ARCH = YES;
				SDKROOT = iphoneos;
				SWIFT_ACTIVE_COMPILATION_CONDITIONS = DEBUG;
				SWIFT_OPTIMIZATION_LEVEL = "-Onone";
			};
			name = Debug;
		};
		D45B7B5C2729775C00210D4A /* Release */ = {
			isa = XCBuildConfiguration;
			buildSettings = {
				ALWAYS_SEARCH_USER_PATHS = NO;
				CLANG_ANALYZER_NONNULL = YES;
				CLANG_ANALYZER_NUMBER_OBJECT_CONVERSION = YES_AGGRESSIVE;
				CLANG_CXX_LANGUAGE_STANDARD = "gnu++17";
				CLANG_CXX_LIBRARY = "libc++";
				CLANG_ENABLE_MODULES = YES;
				CLANG_ENABLE_OBJC_ARC = YES;
				CLANG_ENABLE_OBJC_WEAK = YES;
				CLANG_WARN_BLOCK_CAPTURE_AUTORELEASING = YES;
				CLANG_WARN_BOOL_CONVERSION = YES;
				CLANG_WARN_COMMA = YES;
				CLANG_WARN_CONSTANT_CONVERSION = YES;
				CLANG_WARN_DEPRECATED_OBJC_IMPLEMENTATIONS = YES;
				CLANG_WARN_DIRECT_OBJC_ISA_USAGE = YES_ERROR;
				CLANG_WARN_DOCUMENTATION_COMMENTS = YES;
				CLANG_WARN_EMPTY_BODY = YES;
				CLANG_WARN_ENUM_CONVERSION = YES;
				CLANG_WARN_INFINITE_RECURSION = YES;
				CLANG_WARN_INT_CONVERSION = YES;
				CLANG_WARN_NON_LITERAL_NULL_CONVERSION = YES;
				CLANG_WARN_OBJC_IMPLICIT_RETAIN_SELF = YES;
				CLANG_WARN_OBJC_LITERAL_CONVERSION = YES;
				CLANG_WARN_OBJC_ROOT_CLASS = YES_ERROR;
				CLANG_WARN_QUOTED_INCLUDE_IN_FRAMEWORK_HEADER = YES;
				CLANG_WARN_RANGE_LOOP_ANALYSIS = YES;
				CLANG_WARN_STRICT_PROTOTYPES = YES;
				CLANG_WARN_SUSPICIOUS_MOVE = YES;
				CLANG_WARN_UNGUARDED_AVAILABILITY = YES_AGGRESSIVE;
				CLANG_WARN_UNREACHABLE_CODE = YES;
				CLANG_WARN__DUPLICATE_METHOD_MATCH = YES;
				COPY_PHASE_STRIP = NO;
				DEBUG_INFORMATION_FORMAT = "dwarf-with-dsym";
				ENABLE_NS_ASSERTIONS = NO;
				ENABLE_STRICT_OBJC_MSGSEND = YES;
				GCC_C_LANGUAGE_STANDARD = gnu11;
				GCC_NO_COMMON_BLOCKS = YES;
				GCC_WARN_64_TO_32_BIT_CONVERSION = YES;
				GCC_WARN_ABOUT_RETURN_TYPE = YES_ERROR;
				GCC_WARN_UNDECLARED_SELECTOR = YES;
				GCC_WARN_UNINITIALIZED_AUTOS = YES_AGGRESSIVE;
				GCC_WARN_UNUSED_FUNCTION = YES;
				GCC_WARN_UNUSED_VARIABLE = YES;
				IPHONEOS_DEPLOYMENT_TARGET = 15.0;
				MTL_ENABLE_DEBUG_INFO = NO;
				MTL_FAST_MATH = YES;
				SDKROOT = iphoneos;
				SWIFT_COMPILATION_MODE = wholemodule;
				SWIFT_OPTIMIZATION_LEVEL = "-O";
				VALIDATE_PRODUCT = YES;
			};
			name = Release;
		};
		D45B7B5E2729775C00210D4A /* Debug */ = {
			isa = XCBuildConfiguration;
			buildSettings = {
				ASSETCATALOG_COMPILER_APPICON_NAME = AppIcon;
				ASSETCATALOG_COMPILER_GLOBAL_ACCENT_COLOR_NAME = AccentColor;
				CODE_SIGN_STYLE = Automatic;
				CURRENT_PROJECT_VERSION = 1;
				DEVELOPMENT_ASSET_PATHS = "\"Mobile2You-SwiftUI/Preview Content\"";
				DEVELOPMENT_TEAM = 6U8Y42QFF6;
				ENABLE_PREVIEWS = YES;
				GENERATE_INFOPLIST_FILE = YES;
				INFOPLIST_KEY_UIApplicationSceneManifest_Generation = YES;
				INFOPLIST_KEY_UIApplicationSupportsIndirectInputEvents = YES;
				INFOPLIST_KEY_UILaunchScreen_Generation = YES;
				INFOPLIST_KEY_UISupportedInterfaceOrientations_iPad = "UIInterfaceOrientationPortrait UIInterfaceOrientationPortraitUpsideDown UIInterfaceOrientationLandscapeLeft UIInterfaceOrientationLandscapeRight";
				INFOPLIST_KEY_UISupportedInterfaceOrientations_iPhone = "UIInterfaceOrientationPortrait UIInterfaceOrientationLandscapeLeft UIInterfaceOrientationLandscapeRight";
				LD_RUNPATH_SEARCH_PATHS = (
					"$(inherited)",
					"@executable_path/Frameworks",
				);
				MARKETING_VERSION = 1.0;
				PRODUCT_BUNDLE_IDENTIFIER = "Sidnei-de-Souza-Junior.Mobile2You-SwiftUI";
				PRODUCT_NAME = "$(TARGET_NAME)";
				SWIFT_EMIT_LOC_STRINGS = YES;
				SWIFT_VERSION = 5.0;
				TARGETED_DEVICE_FAMILY = "1,2";
			};
			name = Debug;
		};
		D45B7B5F2729775C00210D4A /* Release */ = {
			isa = XCBuildConfiguration;
			buildSettings = {
				ASSETCATALOG_COMPILER_APPICON_NAME = AppIcon;
				ASSETCATALOG_COMPILER_GLOBAL_ACCENT_COLOR_NAME = AccentColor;
				CODE_SIGN_STYLE = Automatic;
				CURRENT_PROJECT_VERSION = 1;
				DEVELOPMENT_ASSET_PATHS = "\"Mobile2You-SwiftUI/Preview Content\"";
				DEVELOPMENT_TEAM = 6U8Y42QFF6;
				ENABLE_PREVIEWS = YES;
				GENERATE_INFOPLIST_FILE = YES;
				INFOPLIST_KEY_UIApplicationSceneManifest_Generation = YES;
				INFOPLIST_KEY_UIApplicationSupportsIndirectInputEvents = YES;
				INFOPLIST_KEY_UILaunchScreen_Generation = YES;
				INFOPLIST_KEY_UISupportedInterfaceOrientations_iPad = "UIInterfaceOrientationPortrait UIInterfaceOrientationPortraitUpsideDown UIInterfaceOrientationLandscapeLeft UIInterfaceOrientationLandscapeRight";
				INFOPLIST_KEY_UISupportedInterfaceOrientations_iPhone = "UIInterfaceOrientationPortrait UIInterfaceOrientationLandscapeLeft UIInterfaceOrientationLandscapeRight";
				LD_RUNPATH_SEARCH_PATHS = (
					"$(inherited)",
					"@executable_path/Frameworks",
				);
				MARKETING_VERSION = 1.0;
				PRODUCT_BUNDLE_IDENTIFIER = "Sidnei-de-Souza-Junior.Mobile2You-SwiftUI";
				PRODUCT_NAME = "$(TARGET_NAME)";
				SWIFT_EMIT_LOC_STRINGS = YES;
				SWIFT_VERSION = 5.0;
				TARGETED_DEVICE_FAMILY = "1,2";
			};
			name = Release;
		};
/* End XCBuildConfiguration section */

/* Begin XCConfigurationList section */
		D45B7B4A2729775A00210D4A /* Build configuration list for PBXProject "Mobile2You-SwiftUI" */ = {
			isa = XCConfigurationList;
			buildConfigurations = (
				D45B7B5B2729775C00210D4A /* Debug */,
				D45B7B5C2729775C00210D4A /* Release */,
			);
			defaultConfigurationIsVisible = 0;
			defaultConfigurationName = Release;
		};
		D45B7B5D2729775C00210D4A /* Build configuration list for PBXNativeTarget "Mobile2You-SwiftUI" */ = {
			isa = XCConfigurationList;
			buildConfigurations = (
				D45B7B5E2729775C00210D4A /* Debug */,
				D45B7B5F2729775C00210D4A /* Release */,
			);
			defaultConfigurationIsVisible = 0;
			defaultConfigurationName = Release;
		};
/* End XCConfigurationList section */
	};
	rootObject = D45B7B472729775A00210D4A /* Project object */;
}
